// !$*UTF8*$!
{
	archiveVersion = 1;
	classes = {
	};
	objectVersion = 48;
	objects = {

/* Begin PBXBuildFile section */
		5422B03220DD38D900DC56ED /* AppDelegate.m in Sources */ = {isa = PBXBuildFile; fileRef = 5422B03120DD38D900DC56ED /* AppDelegate.m */; };
		5422B03820DD38D900DC56ED /* Main.storyboard in Resources */ = {isa = PBXBuildFile; fileRef = 5422B03620DD38D900DC56ED /* Main.storyboard */; };
		5422B03A20DD38D900DC56ED /* Assets.xcassets in Resources */ = {isa = PBXBuildFile; fileRef = 5422B03920DD38D900DC56ED /* Assets.xcassets */; };
		5422B03D20DD38D900DC56ED /* LaunchScreen.storyboard in Resources */ = {isa = PBXBuildFile; fileRef = 5422B03B20DD38D900DC56ED /* LaunchScreen.storyboard */; };
		5422B04020DD38D900DC56ED /* main.m in Sources */ = {isa = PBXBuildFile; fileRef = 5422B03F20DD38D900DC56ED /* main.m */; };
		5422B04A20DD38D900DC56ED /* FlickrPhotoNetworkServiceTests.m in Sources */ = {isa = PBXBuildFile; fileRef = 5422B04920DD38D900DC56ED /* FlickrPhotoNetworkServiceTests.m */; };
		5422B05E20DE169600DC56ED /* RootRouter.m in Sources */ = {isa = PBXBuildFile; fileRef = 5422B05D20DE169600DC56ED /* RootRouter.m */; };
		5422B06820DE18A500DC56ED /* FLPhotosListCollectionViewController.m in Sources */ = {isa = PBXBuildFile; fileRef = 5422B06720DE18A500DC56ED /* FLPhotosListCollectionViewController.m */; };
		5422B06C20DE196100DC56ED /* FLPhotosListBuilder.m in Sources */ = {isa = PBXBuildFile; fileRef = 5422B06B20DE196100DC56ED /* FLPhotosListBuilder.m */; };
		5479DB1B20DE1F780044DF1B /* FLPhototsListPresenter.m in Sources */ = {isa = PBXBuildFile; fileRef = 5479DB1A20DE1F780044DF1B /* FLPhototsListPresenter.m */; };
		5479DB1E20DE1FA20044DF1B /* FLPhotosListInteractor.m in Sources */ = {isa = PBXBuildFile; fileRef = 5479DB1D20DE1FA20044DF1B /* FLPhotosListInteractor.m */; };
		5479DB2520DE34280044DF1B /* FLImageCollectionViewCell.m in Sources */ = {isa = PBXBuildFile; fileRef = 5479DB2320DE34280044DF1B /* FLImageCollectionViewCell.m */; };
		5479DB2620DE34280044DF1B /* FLImageCollectionViewCell.xib in Resources */ = {isa = PBXBuildFile; fileRef = 5479DB2420DE34280044DF1B /* FLImageCollectionViewCell.xib */; };
		5479DB2920DE59E30044DF1B /* FlickrPhoto.m in Sources */ = {isa = PBXBuildFile; fileRef = 5479DB2820DE59E30044DF1B /* FlickrPhoto.m */; };
		5479DB2E20DE5C610044DF1B /* FlickrPhotoNetworkService.m in Sources */ = {isa = PBXBuildFile; fileRef = 5479DB2D20DE5C610044DF1B /* FlickrPhotoNetworkService.m */; };
/* End PBXBuildFile section */

/* Begin PBXContainerItemProxy section */
		5422B04620DD38D900DC56ED /* PBXContainerItemProxy */ = {
			isa = PBXContainerItemProxy;
			containerPortal = 5422B02520DD38D900DC56ED /* Project object */;
			proxyType = 1;
			remoteGlobalIDString = 5422B02C20DD38D900DC56ED;
			remoteInfo = Flickr;
		};
/* End PBXContainerItemProxy section */

/* Begin PBXFileReference section */
		5422B02D20DD38D900DC56ED /* Flickr.app */ = {isa = PBXFileReference; explicitFileType = wrapper.application; includeInIndex = 0; path = Flickr.app; sourceTree = BUILT_PRODUCTS_DIR; };
		5422B03020DD38D900DC56ED /* AppDelegate.h */ = {isa = PBXFileReference; lastKnownFileType = sourcecode.c.h; path = AppDelegate.h; sourceTree = "<group>"; };
		5422B03120DD38D900DC56ED /* AppDelegate.m */ = {isa = PBXFileReference; lastKnownFileType = sourcecode.c.objc; path = AppDelegate.m; sourceTree = "<group>"; };
		5422B03720DD38D900DC56ED /* Base */ = {isa = PBXFileReference; lastKnownFileType = file.storyboard; name = Base; path = Base.lproj/Main.storyboard; sourceTree = "<group>"; };
		5422B03920DD38D900DC56ED /* Assets.xcassets */ = {isa = PBXFileReference; lastKnownFileType = folder.assetcatalog; path = Assets.xcassets; sourceTree = "<group>"; };
		5422B03C20DD38D900DC56ED /* Base */ = {isa = PBXFileReference; lastKnownFileType = file.storyboard; name = Base; path = Base.lproj/LaunchScreen.storyboard; sourceTree = "<group>"; };
		5422B03E20DD38D900DC56ED /* Info.plist */ = {isa = PBXFileReference; lastKnownFileType = text.plist.xml; path = Info.plist; sourceTree = "<group>"; };
		5422B03F20DD38D900DC56ED /* main.m */ = {isa = PBXFileReference; lastKnownFileType = sourcecode.c.objc; path = main.m; sourceTree = "<group>"; };
		5422B04520DD38D900DC56ED /* FlickrTests.xctest */ = {isa = PBXFileReference; explicitFileType = wrapper.cfbundle; includeInIndex = 0; path = FlickrTests.xctest; sourceTree = BUILT_PRODUCTS_DIR; };
		5422B04920DD38D900DC56ED /* FlickrPhotoNetworkServiceTests.m */ = {isa = PBXFileReference; lastKnownFileType = sourcecode.c.objc; path = FlickrPhotoNetworkServiceTests.m; sourceTree = "<group>"; };
		5422B04B20DD38D900DC56ED /* Info.plist */ = {isa = PBXFileReference; lastKnownFileType = text.plist.xml; path = Info.plist; sourceTree = "<group>"; };
		5422B05C20DE169600DC56ED /* RootRouter.h */ = {isa = PBXFileReference; lastKnownFileType = sourcecode.c.h; path = RootRouter.h; sourceTree = "<group>"; };
		5422B05D20DE169600DC56ED /* RootRouter.m */ = {isa = PBXFileReference; lastKnownFileType = sourcecode.c.objc; path = RootRouter.m; sourceTree = "<group>"; };
		5422B06620DE18A500DC56ED /* FLPhotosListCollectionViewController.h */ = {isa = PBXFileReference; lastKnownFileType = sourcecode.c.h; path = FLPhotosListCollectionViewController.h; sourceTree = "<group>"; };
		5422B06720DE18A500DC56ED /* FLPhotosListCollectionViewController.m */ = {isa = PBXFileReference; lastKnownFileType = sourcecode.c.objc; path = FLPhotosListCollectionViewController.m; sourceTree = "<group>"; };
		5422B06A20DE196100DC56ED /* FLPhotosListBuilder.h */ = {isa = PBXFileReference; lastKnownFileType = sourcecode.c.h; path = FLPhotosListBuilder.h; sourceTree = "<group>"; };
		5422B06B20DE196100DC56ED /* FLPhotosListBuilder.m */ = {isa = PBXFileReference; lastKnownFileType = sourcecode.c.objc; path = FLPhotosListBuilder.m; sourceTree = "<group>"; };
		5479DB1720DE1D4F0044DF1B /* FLPhotosListViewInput.h */ = {isa = PBXFileReference; lastKnownFileType = sourcecode.c.h; path = FLPhotosListViewInput.h; sourceTree = "<group>"; };
		5479DB1820DE1D900044DF1B /* FLPhotosListViewOutput.h */ = {isa = PBXFileReference; lastKnownFileType = sourcecode.c.h; path = FLPhotosListViewOutput.h; sourceTree = "<group>"; };
		5479DB1920DE1F780044DF1B /* FLPhotosListPresenter.h */ = {isa = PBXFileReference; lastKnownFileType = sourcecode.c.h; path = FLPhotosListPresenter.h; sourceTree = "<group>"; };
		5479DB1A20DE1F780044DF1B /* FLPhototsListPresenter.m */ = {isa = PBXFileReference; lastKnownFileType = sourcecode.c.objc; path = FLPhototsListPresenter.m; sourceTree = "<group>"; };
		5479DB1C20DE1FA20044DF1B /* FLPhotosListInteractor.h */ = {isa = PBXFileReference; lastKnownFileType = sourcecode.c.h; path = FLPhotosListInteractor.h; sourceTree = "<group>"; };
		5479DB1D20DE1FA20044DF1B /* FLPhotosListInteractor.m */ = {isa = PBXFileReference; lastKnownFileType = sourcecode.c.objc; path = FLPhotosListInteractor.m; sourceTree = "<group>"; };
		5479DB1F20DE1FE70044DF1B /* FLPhotosListInteractorInput.h */ = {isa = PBXFileReference; lastKnownFileType = sourcecode.c.h; path = FLPhotosListInteractorInput.h; sourceTree = "<group>"; };
		5479DB2020DE20010044DF1B /* FLPhotosListInteractorOutput.h */ = {isa = PBXFileReference; lastKnownFileType = sourcecode.c.h; path = FLPhotosListInteractorOutput.h; sourceTree = "<group>"; };
		5479DB2220DE34280044DF1B /* FLImageCollectionViewCell.h */ = {isa = PBXFileReference; lastKnownFileType = sourcecode.c.h; path = FLImageCollectionViewCell.h; sourceTree = "<group>"; };
		5479DB2320DE34280044DF1B /* FLImageCollectionViewCell.m */ = {isa = PBXFileReference; lastKnownFileType = sourcecode.c.objc; path = FLImageCollectionViewCell.m; sourceTree = "<group>"; };
		5479DB2420DE34280044DF1B /* FLImageCollectionViewCell.xib */ = {isa = PBXFileReference; lastKnownFileType = file.xib; path = FLImageCollectionViewCell.xib; sourceTree = "<group>"; };
		5479DB2720DE59E30044DF1B /* FlickrPhoto.h */ = {isa = PBXFileReference; lastKnownFileType = sourcecode.c.h; path = FlickrPhoto.h; sourceTree = "<group>"; };
		5479DB2820DE59E30044DF1B /* FlickrPhoto.m */ = {isa = PBXFileReference; lastKnownFileType = sourcecode.c.objc; path = FlickrPhoto.m; sourceTree = "<group>"; };
		5479DB2C20DE5C610044DF1B /* FlickrPhotoNetworkService.h */ = {isa = PBXFileReference; lastKnownFileType = sourcecode.c.h; path = FlickrPhotoNetworkService.h; sourceTree = "<group>"; };
		5479DB2D20DE5C610044DF1B /* FlickrPhotoNetworkService.m */ = {isa = PBXFileReference; lastKnownFileType = sourcecode.c.objc; path = FlickrPhotoNetworkService.m; sourceTree = "<group>"; };
/* End PBXFileReference section */

/* Begin PBXFrameworksBuildPhase section */
		5422B02A20DD38D900DC56ED /* Frameworks */ = {
			isa = PBXFrameworksBuildPhase;
			buildActionMask = 2147483647;
			files = (
			);
			runOnlyForDeploymentPostprocessing = 0;
		};
		5422B04220DD38D900DC56ED /* Frameworks */ = {
			isa = PBXFrameworksBuildPhase;
			buildActionMask = 2147483647;
			files = (
			);
			runOnlyForDeploymentPostprocessing = 0;
		};
/* End PBXFrameworksBuildPhase section */

/* Begin PBXGroup section */
		5422B02420DD38D900DC56ED = {
			isa = PBXGroup;
			children = (
				5422B02F20DD38D900DC56ED /* Flickr */,
				5422B04820DD38D900DC56ED /* FlickrTests */,
				5422B02E20DD38D900DC56ED /* Products */,
			);
			sourceTree = "<group>";
		};
		5422B02E20DD38D900DC56ED /* Products */ = {
			isa = PBXGroup;
			children = (
				5422B02D20DD38D900DC56ED /* Flickr.app */,
				5422B04520DD38D900DC56ED /* FlickrTests.xctest */,
			);
			name = Products;
			sourceTree = "<group>";
		};
		5422B02F20DD38D900DC56ED /* Flickr */ = {
			isa = PBXGroup;
			children = (
				5479DB2B20DE5C2F0044DF1B /* NetworkService */,
				5479DB2A20DE59EA0044DF1B /* Model */,
				5422B05F20DE172A00DC56ED /* Modules */,
				5422B03020DD38D900DC56ED /* AppDelegate.h */,
				5422B03620DD38D900DC56ED /* Main.storyboard */,
				5422B03920DD38D900DC56ED /* Assets.xcassets */,
				5422B03120DD38D900DC56ED /* AppDelegate.m */,
				5422B03B20DD38D900DC56ED /* LaunchScreen.storyboard */,
				5422B03E20DD38D900DC56ED /* Info.plist */,
				5422B03F20DD38D900DC56ED /* main.m */,
			);
			path = Flickr;
			sourceTree = "<group>";
		};
		5422B04820DD38D900DC56ED /* FlickrTests */ = {
			isa = PBXGroup;
			children = (
				5422B04920DD38D900DC56ED /* FlickrPhotoNetworkServiceTests.m */,
				5422B04B20DD38D900DC56ED /* Info.plist */,
			);
			path = FlickrTests;
			sourceTree = "<group>";
		};
		5422B05B20DE167B00DC56ED /* Root */ = {
			isa = PBXGroup;
			children = (
				5422B05C20DE169600DC56ED /* RootRouter.h */,
				5422B05D20DE169600DC56ED /* RootRouter.m */,
			);
			path = Root;
			sourceTree = "<group>";
		};
		5422B05F20DE172A00DC56ED /* Modules */ = {
			isa = PBXGroup;
			children = (
				5422B06020DE17B500DC56ED /* FlickrPhotosList */,
				5422B05B20DE167B00DC56ED /* Root */,
			);
			path = Modules;
			sourceTree = "<group>";
		};
		5422B06020DE17B500DC56ED /* FlickrPhotosList */ = {
			isa = PBXGroup;
			children = (
				5422B06420DE183400DC56ED /* Interactor */,
				5422B06320DE182E00DC56ED /* Presenter */,
				5422B06220DE17FB00DC56ED /* View */,
				5422B06120DE17F300DC56ED /* Builder */,
			);
			path = FlickrPhotosList;
			sourceTree = "<group>";
		};
		5422B06120DE17F300DC56ED /* Builder */ = {
			isa = PBXGroup;
			children = (
				5422B06A20DE196100DC56ED /* FLPhotosListBuilder.h */,
				5422B06B20DE196100DC56ED /* FLPhotosListBuilder.m */,
			);
			path = Builder;
			sourceTree = "<group>";
		};
		5422B06220DE17FB00DC56ED /* View */ = {
			isa = PBXGroup;
			children = (
				5479DB2120DE33FC0044DF1B /* Cell */,
				5479DB1720DE1D4F0044DF1B /* FLPhotosListViewInput.h */,
				5479DB1820DE1D900044DF1B /* FLPhotosListViewOutput.h */,
				5422B06620DE18A500DC56ED /* FLPhotosListCollectionViewController.h */,
				5422B06720DE18A500DC56ED /* FLPhotosListCollectionViewController.m */,
			);
			path = View;
			sourceTree = "<group>";
		};
		5422B06320DE182E00DC56ED /* Presenter */ = {
			isa = PBXGroup;
			children = (
				5479DB1920DE1F780044DF1B /* FLPhotosListPresenter.h */,
				5479DB1A20DE1F780044DF1B /* FLPhototsListPresenter.m */,
			);
			path = Presenter;
			sourceTree = "<group>";
		};
		5422B06420DE183400DC56ED /* Interactor */ = {
			isa = PBXGroup;
			children = (
				5479DB1F20DE1FE70044DF1B /* FLPhotosListInteractorInput.h */,
				5479DB2020DE20010044DF1B /* FLPhotosListInteractorOutput.h */,
				5479DB1C20DE1FA20044DF1B /* FLPhotosListInteractor.h */,
				5479DB1D20DE1FA20044DF1B /* FLPhotosListInteractor.m */,
			);
			path = Interactor;
			sourceTree = "<group>";
		};
		5479DB2120DE33FC0044DF1B /* Cell */ = {
			isa = PBXGroup;
			children = (
				5479DB2220DE34280044DF1B /* FLImageCollectionViewCell.h */,
				5479DB2320DE34280044DF1B /* FLImageCollectionViewCell.m */,
				5479DB2420DE34280044DF1B /* FLImageCollectionViewCell.xib */,
			);
			path = Cell;
			sourceTree = "<group>";
		};
		5479DB2A20DE59EA0044DF1B /* Model */ = {
			isa = PBXGroup;
			children = (
				5479DB2720DE59E30044DF1B /* FlickrPhoto.h */,
				5479DB2820DE59E30044DF1B /* FlickrPhoto.m */,
			);
			path = Model;
			sourceTree = "<group>";
		};
		5479DB2B20DE5C2F0044DF1B /* NetworkService */ = {
			isa = PBXGroup;
			children = (
				5479DB2C20DE5C610044DF1B /* FlickrPhotoNetworkService.h */,
				5479DB2D20DE5C610044DF1B /* FlickrPhotoNetworkService.m */,
			);
			path = NetworkService;
			sourceTree = "<group>";
		};
/* End PBXGroup section */

/* Begin PBXNativeTarget section */
		5422B02C20DD38D900DC56ED /* Flickr */ = {
			isa = PBXNativeTarget;
			buildConfigurationList = 5422B04E20DD38D900DC56ED /* Build configuration list for PBXNativeTarget "Flickr" */;
			buildPhases = (
				5422B02920DD38D900DC56ED /* Sources */,
				5422B02A20DD38D900DC56ED /* Frameworks */,
				5422B02B20DD38D900DC56ED /* Resources */,
			);
			buildRules = (
			);
			dependencies = (
			);
			name = Flickr;
			productName = Flickr;
			productReference = 5422B02D20DD38D900DC56ED /* Flickr.app */;
			productType = "com.apple.product-type.application";
		};
		5422B04420DD38D900DC56ED /* FlickrTests */ = {
			isa = PBXNativeTarget;
			buildConfigurationList = 5422B05120DD38D900DC56ED /* Build configuration list for PBXNativeTarget "FlickrTests" */;
			buildPhases = (
				5422B04120DD38D900DC56ED /* Sources */,
				5422B04220DD38D900DC56ED /* Frameworks */,
				5422B04320DD38D900DC56ED /* Resources */,
			);
			buildRules = (
			);
			dependencies = (
				5422B04720DD38D900DC56ED /* PBXTargetDependency */,
			);
			name = FlickrTests;
			productName = FlickrTests;
			productReference = 5422B04520DD38D900DC56ED /* FlickrTests.xctest */;
			productType = "com.apple.product-type.bundle.unit-test";
		};
/* End PBXNativeTarget section */

/* Begin PBXProject section */
		5422B02520DD38D900DC56ED /* Project object */ = {
			isa = PBXProject;
			attributes = {
				LastUpgradeCheck = 0910;
				ORGANIZATIONNAME = "Prateek Khandelwal";
				TargetAttributes = {
					5422B02C20DD38D900DC56ED = {
						CreatedOnToolsVersion = 9.1;
						ProvisioningStyle = Automatic;
					};
					5422B04420DD38D900DC56ED = {
						CreatedOnToolsVersion = 9.1;
						ProvisioningStyle = Automatic;
						TestTargetID = 5422B02C20DD38D900DC56ED;
					};
				};
			};
			buildConfigurationList = 5422B02820DD38D900DC56ED /* Build configuration list for PBXProject "Flickr" */;
			compatibilityVersion = "Xcode 8.0";
			developmentRegion = en;
			hasScannedForEncodings = 0;
			knownRegions = (
				en,
				Base,
			);
			mainGroup = 5422B02420DD38D900DC56ED;
			productRefGroup = 5422B02E20DD38D900DC56ED /* Products */;
			projectDirPath = "";
			projectRoot = "";
			targets = (
				5422B02C20DD38D900DC56ED /* Flickr */,
				5422B04420DD38D900DC56ED /* FlickrTests */,
			);
		};
/* End PBXProject section */

/* Begin PBXResourcesBuildPhase section */
		5422B02B20DD38D900DC56ED /* Resources */ = {
			isa = PBXResourcesBuildPhase;
			buildActionMask = 2147483647;
			files = (
				5422B03D20DD38D900DC56ED /* LaunchScreen.storyboard in Resources */,
				5422B03A20DD38D900DC56ED /* Assets.xcassets in Resources */,
				5479DB2620DE34280044DF1B /* FLImageCollectionViewCell.xib in Resources */,
				5422B03820DD38D900DC56ED /* Main.storyboard in Resources */,
			);
			runOnlyForDeploymentPostprocessing = 0;
		};
		5422B04320DD38D900DC56ED /* Resources */ = {
			isa = PBXResourcesBuildPhase;
			buildActionMask = 2147483647;
			files = (
			);
			runOnlyForDeploymentPostprocessing = 0;
		};
/* End PBXResourcesBuildPhase section */

/* Begin PBXSourcesBuildPhase section */
		5422B02920DD38D900DC56ED /* Sources */ = {
			isa = PBXSourcesBuildPhase;
			buildActionMask = 2147483647;
			files = (
				5479DB2520DE34280044DF1B /* FLImageCollectionViewCell.m in Sources */,
				5422B05E20DE169600DC56ED /* RootRouter.m in Sources */,
				5479DB1B20DE1F780044DF1B /* FLPhototsListPresenter.m in Sources */,
				5479DB1E20DE1FA20044DF1B /* FLPhotosListInteractor.m in Sources */,
				5479DB2E20DE5C610044DF1B /* FlickrPhotoNetworkService.m in Sources */,
				5422B06C20DE196100DC56ED /* FLPhotosListBuilder.m in Sources */,
				5422B06820DE18A500DC56ED /* FLPhotosListCollectionViewController.m in Sources */,
				5479DB2920DE59E30044DF1B /* FlickrPhoto.m in Sources */,
				5422B04020DD38D900DC56ED /* main.m in Sources */,
				5422B03220DD38D900DC56ED /* AppDelegate.m in Sources */,
			);
			runOnlyForDeploymentPostprocessing = 0;
		};
		5422B04120DD38D900DC56ED /* Sources */ = {
			isa = PBXSourcesBuildPhase;
			buildActionMask = 2147483647;
			files = (
				5422B04A20DD38D900DC56ED /* FlickrPhotoNetworkServiceTests.m in Sources */,
			);
			runOnlyForDeploymentPostprocessing = 0;
		};
/* End PBXSourcesBuildPhase section */

/* Begin PBXTargetDependency section */
		5422B04720DD38D900DC56ED /* PBXTargetDependency */ = {
			isa = PBXTargetDependency;
			target = 5422B02C20DD38D900DC56ED /* Flickr */;
			targetProxy = 5422B04620DD38D900DC56ED /* PBXContainerItemProxy */;
		};
/* End PBXTargetDependency section */

/* Begin PBXVariantGroup section */
		5422B03620DD38D900DC56ED /* Main.storyboard */ = {
			isa = PBXVariantGroup;
			children = (
				5422B03720DD38D900DC56ED /* Base */,
			);
			name = Main.storyboard;
			sourceTree = "<group>";
		};
		5422B03B20DD38D900DC56ED /* LaunchScreen.storyboard */ = {
			isa = PBXVariantGroup;
			children = (
				5422B03C20DD38D900DC56ED /* Base */,
			);
			name = LaunchScreen.storyboard;
			sourceTree = "<group>";
		};
/* End PBXVariantGroup section */

/* Begin XCBuildConfiguration section */
		5422B04C20DD38D900DC56ED /* Debug */ = {
			isa = XCBuildConfiguration;
			buildSettings = {
				ALWAYS_SEARCH_USER_PATHS = NO;
				CLANG_ANALYZER_NONNULL = YES;
				CLANG_ANALYZER_NUMBER_OBJECT_CONVERSION = YES_AGGRESSIVE;
				CLANG_CXX_LANGUAGE_STANDARD = "gnu++14";
				CLANG_CXX_LIBRARY = "libc++";
				CLANG_ENABLE_MODULES = YES;
				CLANG_ENABLE_OBJC_ARC = YES;
				CLANG_WARN_BLOCK_CAPTURE_AUTORELEASING = YES;
				CLANG_WARN_BOOL_CONVERSION = YES;
				CLANG_WARN_COMMA = YES;
				CLANG_WARN_CONSTANT_CONVERSION = YES;
				CLANG_WARN_DIRECT_OBJC_ISA_USAGE = YES_ERROR;
				CLANG_WARN_DOCUMENTATION_COMMENTS = YES;
				CLANG_WARN_EMPTY_BODY = YES;
				CLANG_WARN_ENUM_CONVERSION = YES;
				CLANG_WARN_INFINITE_RECURSION = YES;
				CLANG_WARN_INT_CONVERSION = YES;
				CLANG_WARN_NON_LITERAL_NULL_CONVERSION = YES;
				CLANG_WARN_OBJC_LITERAL_CONVERSION = YES;
				CLANG_WARN_OBJC_ROOT_CLASS = YES_ERROR;
				CLANG_WARN_RANGE_LOOP_ANALYSIS = YES;
				CLANG_WARN_STRICT_PROTOTYPES = YES;
				CLANG_WARN_SUSPICIOUS_MOVE = YES;
				CLANG_WARN_UNGUARDED_AVAILABILITY = YES_AGGRESSIVE;
				CLANG_WARN_UNREACHABLE_CODE = YES;
				CLANG_WARN__DUPLICATE_METHOD_MATCH = YES;
				CODE_SIGN_IDENTITY = "iPhone Developer";
				COPY_PHASE_STRIP = NO;
				DEBUG_INFORMATION_FORMAT = dwarf;
				ENABLE_STRICT_OBJC_MSGSEND = YES;
				ENABLE_TESTABILITY = YES;
				GCC_C_LANGUAGE_STANDARD = gnu11;
				GCC_DYNAMIC_NO_PIC = NO;
				GCC_NO_COMMON_BLOCKS = YES;
				GCC_OPTIMIZATION_LEVEL = 0;
				GCC_PREPROCESSOR_DEFINITIONS = (
					"DEBUG=1",
					"$(inherited)",
				);
				GCC_WARN_64_TO_32_BIT_CONVERSION = YES;
				GCC_WARN_ABOUT_RETURN_TYPE = YES_ERROR;
				GCC_WARN_UNDECLARED_SELECTOR = YES;
				GCC_WARN_UNINITIALIZED_AUTOS = YES_AGGRESSIVE;
				GCC_WARN_UNUSED_FUNCTION = YES;
				GCC_WARN_UNUSED_VARIABLE = YES;
				IPHONEOS_DEPLOYMENT_TARGET = 11.1;
				MTL_ENABLE_DEBUG_INFO = YES;
				ONLY_ACTIVE_ARCH = YES;
				SDKROOT = iphoneos;
			};
			name = Debug;
		};
		5422B04D20DD38D900DC56ED /* Release */ = {
			isa = XCBuildConfiguration;
			buildSettings = {
				ALWAYS_SEARCH_USER_PATHS = NO;
				CLANG_ANALYZER_NONNULL = YES;
				CLANG_ANALYZER_NUMBER_OBJECT_CONVERSION = YES_AGGRESSIVE;
				CLANG_CXX_LANGUAGE_STANDARD = "gnu++14";
				CLANG_CXX_LIBRARY = "libc++";
				CLANG_ENABLE_MODULES = YES;
				CLANG_ENABLE_OBJC_ARC = YES;
				CLANG_WARN_BLOCK_CAPTURE_AUTORELEASING = YES;
				CLANG_WARN_BOOL_CONVERSION = YES;
				CLANG_WARN_COMMA = YES;
				CLANG_WARN_CONSTANT_CONVERSION = YES;
				CLANG_WARN_DIRECT_OBJC_ISA_USAGE = YES_ERROR;
				CLANG_WARN_DOCUMENTATION_COMMENTS = YES;
				CLANG_WARN_EMPTY_BODY = YES;
				CLANG_WARN_ENUM_CONVERSION = YES;
				CLANG_WARN_INFINITE_RECURSION = YES;
				CLANG_WARN_INT_CONVERSION = YES;
				CLANG_WARN_NON_LITERAL_NULL_CONVERSION = YES;
				CLANG_WARN_OBJC_LITERAL_CONVERSION = YES;
				CLANG_WARN_OBJC_ROOT_CLASS = YES_ERROR;
				CLANG_WARN_RANGE_LOOP_ANALYSIS = YES;
				CLANG_WARN_STRICT_PROTOTYPES = YES;
				CLANG_WARN_SUSPICIOUS_MOVE = YES;
				CLANG_WARN_UNGUARDED_AVAILABILITY = YES_AGGRESSIVE;
				CLANG_WARN_UNREACHABLE_CODE = YES;
				CLANG_WARN__DUPLICATE_METHOD_MATCH = YES;
				CODE_SIGN_IDENTITY = "iPhone Developer";
				COPY_PHASE_STRIP = NO;
				DEBUG_INFORMATION_FORMAT = "dwarf-with-dsym";
				ENABLE_NS_ASSERTIONS = NO;
				ENABLE_STRICT_OBJC_MSGSEND = YES;
				GCC_C_LANGUAGE_STANDARD = gnu11;
				GCC_NO_COMMON_BLOCKS = YES;
				GCC_WARN_64_TO_32_BIT_CONVERSION = YES;
				GCC_WARN_ABOUT_RETURN_TYPE = YES_ERROR;
				GCC_WARN_UNDECLARED_SELECTOR = YES;
				GCC_WARN_UNINITIALIZED_AUTOS = YES_AGGRESSIVE;
				GCC_WARN_UNUSED_FUNCTION = YES;
				GCC_WARN_UNUSED_VARIABLE = YES;
				IPHONEOS_DEPLOYMENT_TARGET = 11.1;
				MTL_ENABLE_DEBUG_INFO = NO;
				SDKROOT = iphoneos;
				VALIDATE_PRODUCT = YES;
			};
			name = Release;
		};
		5422B04F20DD38D900DC56ED /* Debug */ = {
			isa = XCBuildConfiguration;
			buildSettings = {
				ASSETCATALOG_COMPILER_APPICON_NAME = AppIcon;
				CODE_SIGN_STYLE = Automatic;
				DEVELOPMENT_TEAM = 62JA8ZZURJ;
				INFOPLIST_FILE = Flickr/Info.plist;
				IPHONEOS_DEPLOYMENT_TARGET = 10.0;
				LD_RUNPATH_SEARCH_PATHS = "$(inherited) @executable_path/Frameworks";
				PRODUCT_BUNDLE_IDENTIFIER = Uber.Flickr;
				PRODUCT_NAME = "$(TARGET_NAME)";
				TARGETED_DEVICE_FAMILY = "1,2";
			};
			name = Debug;
		};
		5422B05020DD38D900DC56ED /* Release */ = {
			isa = XCBuildConfiguration;
			buildSettings = {
				ASSETCATALOG_COMPILER_APPICON_NAME = AppIcon;
				CODE_SIGN_STYLE = Automatic;
				DEVELOPMENT_TEAM = 62JA8ZZURJ;
				INFOPLIST_FILE = Flickr/Info.plist;
				IPHONEOS_DEPLOYMENT_TARGET = 10.0;
				LD_RUNPATH_SEARCH_PATHS = "$(inherited) @executable_path/Frameworks";
				PRODUCT_BUNDLE_IDENTIFIER = Uber.Flickr;
				PRODUCT_NAME = "$(TARGET_NAME)";
				TARGETED_DEVICE_FAMILY = "1,2";
			};
			name = Release;
		};
		5422B05220DD38D900DC56ED /* Debug */ = {
			isa = XCBuildConfiguration;
			buildSettings = {
				BUNDLE_LOADER = "$(TEST_HOST)";
				CODE_SIGN_STYLE = Automatic;
				DEVELOPMENT_TEAM = 62JA8ZZURJ;
				INFOPLIST_FILE = FlickrTests/Info.plist;
				LD_RUNPATH_SEARCH_PATHS = "$(inherited) @executable_path/Frameworks @loader_path/Frameworks";
				PRODUCT_BUNDLE_IDENTIFIER = Uber.FlickrTests;
				PRODUCT_NAME = "$(TARGET_NAME)";
				TARGETED_DEVICE_FAMILY = "1,2";
				TEST_HOST = "$(BUILT_PRODUCTS_DIR)/Flickr.app/Flickr";
			};
			name = Debug;
		};
		5422B05320DD38D900DC56ED /* Release */ = {
			isa = XCBuildConfiguration;
			buildSettings = {
				BUNDLE_LOADER = "$(TEST_HOST)";
				CODE_SIGN_STYLE = Automatic;
				DEVELOPMENT_TEAM = 62JA8ZZURJ;
				INFOPLIST_FILE = FlickrTests/Info.plist;
				LD_RUNPATH_SEARCH_PATHS = "$(inherited) @executable_path/Frameworks @loader_path/Frameworks";
				PRODUCT_BUNDLE_IDENTIFIER = Uber.FlickrTests;
				PRODUCT_NAME = "$(TARGET_NAME)";
				TARGETED_DEVICE_FAMILY = "1,2";
				TEST_HOST = "$(BUILT_PRODUCTS_DIR)/Flickr.app/Flickr";
			};
			name = Release;
		};
/* End XCBuildConfiguration section */

/* Begin XCConfigurationList section */
		5422B02820DD38D900DC56ED /* Build configuration list for PBXProject "Flickr" */ = {
			isa = XCConfigurationList;
			buildConfigurations = (
				5422B04C20DD38D900DC56ED /* Debug */,
				5422B04D20DD38D900DC56ED /* Release */,
			);
			defaultConfigurationIsVisible = 0;
			defaultConfigurationName = Release;
		};
		5422B04E20DD38D900DC56ED /* Build configuration list for PBXNativeTarget "Flickr" */ = {
			isa = XCConfigurationList;
			buildConfigurations = (
				5422B04F20DD38D900DC56ED /* Debug */,
				5422B05020DD38D900DC56ED /* Release */,
			);
			defaultConfigurationIsVisible = 0;
			defaultConfigurationName = Release;
		};
		5422B05120DD38D900DC56ED /* Build configuration list for PBXNativeTarget "FlickrTests" */ = {
			isa = XCConfigurationList;
			buildConfigurations = (
				5422B05220DD38D900DC56ED /* Debug */,
				5422B05320DD38D900DC56ED /* Release */,
			);
			defaultConfigurationIsVisible = 0;
			defaultConfigurationName = Release;
		};
/* End XCConfigurationList section */
	};
	rootObject = 5422B02520DD38D900DC56ED /* Project object */;
}
